
Microsoft Visual Studio Solution File, Format Version 12.00
# Visual Studio Version 17
VisualStudioVersion = 17.2.32630.192
MinimumVisualStudioVersion = 10.0.40219.1
Project("{FAE04EC0-301F-11D3-BF4B-00C04F79EFBC}") = "Cviceni0603", "Cviceni0603\Cviceni0603.csproj", "{9FF3F7F0-2160-4073-AFF5-3512FEA48529}"
EndProject
Global
	GlobalSection(SolutionConfigurationPlatforms) = preSolution
		Debug|Any CPU = Debug|Any CPU
		Release|Any CPU = Release|Any CPU
	EndGlobalSection
	GlobalSection(ProjectConfigurationPlatforms) = postSolution
		{9FF3F7F0-2160-4073-AFF5-3512FEA48529}.Debug|Any CPU.ActiveCfg = Debug|Any CPU
		{9FF3F7F0-2160-4073-AFF5-3512FEA48529}.Debug|Any CPU.Build.0 = Debug|Any CPU
		{9FF3F7F0-2160-4073-AFF5-3512FEA48529}.Release|Any CPU.ActiveCfg = Release|Any CPU
		{9FF3F7F0-2160-4073-AFF5-3512FEA48529}.Release|Any CPU.Build.0 = Release|Any CPU
	EndGlobalSection
	GlobalSection(SolutionProperties) = preSolution
		HideSolutionNode = FALSE
	EndGlobalSection
	GlobalSection(ExtensibilityGlobals) = postSolution
		SolutionGuid = {D3B1A9DD-8637-4C87-A413-80E4BF8EDB18}
	EndGlobalSection
EndGlobal
